
Microsoft Visual Studio Solution File, Format Version 12.00
# Visual Studio Version 16
VisualStudioVersion = 16.0.30717.126
MinimumVisualStudioVersion = 10.0.40219.1
Project("{9A19103F-16F7-4668-BE54-9A1E7A4F7556}") = "helper-dates", "helper-dates\helper-dates.csproj", "{05E124E2-0651-463C-AE6D-0A9B3DC53E32}"
EndProject
Project("{9A19103F-16F7-4668-BE54-9A1E7A4F7556}") = "helper-dates-tests", "helper-dates-tests\helper-dates-tests.csproj", "{6DCEF444-1CB9-45D4-8587-95222840B404}"
EndProject
Global
	GlobalSection(SolutionConfigurationPlatforms) = preSolution
		Debug|Any CPU = Debug|Any CPU
		Release|Any CPU = Release|Any CPU
	EndGlobalSection
	GlobalSection(ProjectConfigurationPlatforms) = postSolution
		{05E124E2-0651-463C-AE6D-0A9B3DC53E32}.Debug|Any CPU.ActiveCfg = Debug|Any CPU
		{05E124E2-0651-463C-AE6D-0A9B3DC53E32}.Debug|Any CPU.Build.0 = Debug|Any CPU
		{05E124E2-0651-463C-AE6D-0A9B3DC53E32}.Release|Any CPU.ActiveCfg = Release|Any CPU
		{05E124E2-0651-463C-AE6D-0A9B3DC53E32}.Release|Any CPU.Build.0 = Release|Any CPU
		{6DCEF444-1CB9-45D4-8587-95222840B404}.Debug|Any CPU.ActiveCfg = Debug|Any CPU
		{6DCEF444-1CB9-45D4-8587-95222840B404}.Debug|Any CPU.Build.0 = Debug|Any CPU
		{6DCEF444-1CB9-45D4-8587-95222840B404}.Release|Any CPU.ActiveCfg = Release|Any CPU
		{6DCEF444-1CB9-45D4-8587-95222840B404}.Release|Any CPU.Build.0 = Release|Any CPU
	EndGlobalSection
	GlobalSection(SolutionProperties) = preSolution
		HideSolutionNode = FALSE
	EndGlobalSection
	GlobalSection(ExtensibilityGlobals) = postSolution
		SolutionGuid = {2A2B748E-85D7-4D3C-BDAD-01495A3CB3B3}
	EndGlobalSection
EndGlobal
